
Microsoft Visual Studio Solution File, Format Version 12.00
# Visual Studio Version 17
VisualStudioVersion = 17.6.33829.357
MinimumVisualStudioVersion = 10.0.40219.1
Project("{FAE04EC0-301F-11D3-BF4B-00C04F79EFBC}") = "WinFormsApp1", "WinFormsApp1\WinFormsApp1.csproj", "{0A1F3A1E-20A3-4F72-9EC8-86FDC3FB52F6}"
EndProject
Global
	GlobalSection(SolutionConfigurationPlatforms) = preSolution
		Debug|Any CPU = Debug|Any CPU
		Release|Any CPU = Release|Any CPU
	EndGlobalSection
	GlobalSection(ProjectConfigurationPlatforms) = postSolution
		{0A1F3A1E-20A3-4F72-9EC8-86FDC3FB52F6}.Debug|Any CPU.ActiveCfg = Debug|Any CPU
		{0A1F3A1E-20A3-4F72-9EC8-86FDC3FB52F6}.Debug|Any CPU.Build.0 = Debug|Any CPU
		{0A1F3A1E-20A3-4F72-9EC8-86FDC3FB52F6}.Release|Any CPU.ActiveCfg = Release|Any CPU
		{0A1F3A1E-20A3-4F72-9EC8-86FDC3FB52F6}.Release|Any CPU.Build.0 = Release|Any CPU
	EndGlobalSection
	GlobalSection(SolutionProperties) = preSolution
		HideSolutionNode = FALSE
	EndGlobalSection
	GlobalSection(ExtensibilityGlobals) = postSolution
		SolutionGuid = {4900CC43-BD6C-428D-B84E-5B3CF26EA72E}
	EndGlobalSection
EndGlobal
